
Microsoft Visual Studio Solution File, Format Version 12.00
# Visual Studio Version 17
VisualStudioVersion = 17.8.34408.163
MinimumVisualStudioVersion = 10.0.40219.1
Project("{FAE04EC0-301F-11D3-BF4B-00C04F79EFBC}") = "APIAlunos", "APIAlunos.csproj", "{2E9D7738-78DD-4152-80E4-18C2BD373CCF}"
EndProject
Global
	GlobalSection(SolutionConfigurationPlatforms) = preSolution
		Debug|Any CPU = Debug|Any CPU
		Release|Any CPU = Release|Any CPU
	EndGlobalSection
	GlobalSection(ProjectConfigurationPlatforms) = postSolution
		{2E9D7738-78DD-4152-80E4-18C2BD373CCF}.Debug|Any CPU.ActiveCfg = Debug|Any CPU
		{2E9D7738-78DD-4152-80E4-18C2BD373CCF}.Debug|Any CPU.Build.0 = Debug|Any CPU
		{2E9D7738-78DD-4152-80E4-18C2BD373CCF}.Release|Any CPU.ActiveCfg = Release|Any CPU
		{2E9D7738-78DD-4152-80E4-18C2BD373CCF}.Release|Any CPU.Build.0 = Release|Any CPU
	EndGlobalSection
	GlobalSection(SolutionProperties) = preSolution
		HideSolutionNode = FALSE
	EndGlobalSection
	GlobalSection(ExtensibilityGlobals) = postSolution
		SolutionGuid = {C2BC1A10-B69C-4A6A-8461-CB33766384C8}
	EndGlobalSection
EndGlobal
